{
  "pins" : [
    {
      "identity" : "swift-compute-runtime",
      "kind" : "remoteSourceControl",
      "location" : "https://github.com/AndrewBarba/swift-compute-runtime",
      "state" : {
        "revision" : "79487d21b093e7013451c6341f5dce38aa8cac23",
        "version" : "1.0.0"
      }
    }
  ],
  "version" : 2
}
