{
  "pins" : [
    {
      "identity" : "swift-compute-runtime",
      "kind" : "remoteSourceControl",
      "location" : "https://github.com/AndrewBarba/swift-compute-runtime",
      "state" : {
        "branch" : "main",
        "revision" : "b6857d93b038c5325cf02e895d866595eaea70f2"
      }
    }
  ],
  "version" : 2
}
