{
  "pins" : [
    {
      "identity" : "swift-compute-runtime",
      "kind" : "remoteSourceControl",
      "location" : "https://github.com/AndrewBarba/swift-compute-runtime",
      "state" : {
        "revision" : "6ad4ec6af8601e565c9e339d3565c987ae8fed78",
        "version" : "1.7.0"
      }
    }
  ],
  "version" : 2
}
